
Microsoft Visual Studio Solution File, Format Version 9.00
# Visual C++ Express 2005
Project("{8BC9CEB8-8B4A-11D0-8D11-00A0C91BC942}") = "MDIFrame", "MDIFrame_2005.vcproj", "{132B29E6-DE74-4607-9287-6FDD4BEEEC84}"
EndProject
Global
	GlobalSection(SolutionConfigurationPlatforms) = preSolution
		Debug Static Library|Win32 = Debug Static Library|Win32
		Debug|Win32 = Debug|Win32
		Release Static Library|Win32 = Release Static Library|Win32
		Release|Win32 = Release|Win32
	EndGlobalSection
	GlobalSection(ProjectConfigurationPlatforms) = postSolution
		{132B29E6-DE74-4607-9287-6FDD4BEEEC84}.Debug Static Library|Win32.ActiveCfg = Debug Static Library|Win32
		{132B29E6-DE74-4607-9287-6FDD4BEEEC84}.Debug Static Library|Win32.Build.0 = Debug Static Library|Win32
		{132B29E6-DE74-4607-9287-6FDD4BEEEC84}.Debug|Win32.ActiveCfg = Debug|Win32
		{132B29E6-DE74-4607-9287-6FDD4BEEEC84}.Debug|Win32.Build.0 = Debug|Win32
		{132B29E6-DE74-4607-9287-6FDD4BEEEC84}.Release Static Library|Win32.ActiveCfg = Release Static Library|Win32
		{132B29E6-DE74-4607-9287-6FDD4BEEEC84}.Release Static Library|Win32.Build.0 = Release Static Library|Win32
		{132B29E6-DE74-4607-9287-6FDD4BEEEC84}.Release|Win32.ActiveCfg = Release|Win32
		{132B29E6-DE74-4607-9287-6FDD4BEEEC84}.Release|Win32.Build.0 = Release|Win32
	EndGlobalSection
	GlobalSection(SolutionProperties) = preSolution
		HideSolutionNode = FALSE
	EndGlobalSection
EndGlobal
