<?xml version="1.0" encoding="UTF-8" standalone="yes" ?>
<CodeBlocks_project_file>
	<FileVersion major="1" minor="6" />
	<Project>
		<Option title="Library" />
		<Option pch_mode="0" />
		<Option default_target="Release MinGW GNU compiler" />
		<Option compiler="bcc" />
		<Build>
			<Target title="Debug Borland">
				<Option output="..\lib\Borland\Win32xxD.lib" prefix_auto="0" extension_auto="0" />
				<Option working_dir="" />
				<Option object_output="Borland\Debug" />
				<Option type="2" />
				<Option compiler="bcc" />
				<Compiler>
					<Add option="-tWM" />
					<Add option="-Od" />
					<Add option="-w-par" />
					<Add option="-D_DEBUG" />
					<Add directory="..\..\Win32++\include" />
				</Compiler>
				<ResourceCompiler>
					<Add directory="C:\Borland\BCC55\Include" />
					<Add directory="..\..\Win32++\include" />
				</ResourceCompiler>
			</Target>
			<Target title="Release Borland">
				<Option output="..\lib\Borland\Win32xxR.lib" prefix_auto="0" extension_auto="0" />
				<Option working_dir="" />
				<Option object_output="Borland\Release" />
				<Option type="2" />
				<Option compiler="bcc" />
				<Compiler>
					<Add option="-tWM" />
					<Add option="-Od" />
					<Add option="-w-par" />
					<Add option="-DNDEBUG" />
					<Add directory="..\..\Win32++\include" />
				</Compiler>
				<ResourceCompiler>
					<Add directory="C:\Borland\BCC55\Include" />
					<Add directory="..\..\Win32++\include" />
				</ResourceCompiler>
			</Target>
			<Target title="Debug Microsoft Visual C++">
				<Option output="..\lib\VS2003\Win32xxD.lib" prefix_auto="0" extension_auto="0" />
				<Option working_dir="" />
				<Option object_output="Microsoft\Debug" />
				<Option type="2" />
				<Option compiler="msvctk" />
				<Compiler>
					<Add option="/MTd" />
					<Add option="/GA" />
					<Add option="/GX" />
					<Add option="/W3" />
					<Add option="/Zi /D_DEBUG" />
					<Add option="/Zi" />
					<Add option="/DWIN32" />
					<Add option="/D_DEBUG" />
					<Add option="/D_WINDOWS" />
					<Add directory="C:\Program Files\Microsoft Platform SDK\Include" />
					<Add directory="..\..\Win32++\include" />
				</Compiler>
				<ResourceCompiler>
					<Add directory="C:\Program Files\Microsoft Platform SDK\Include" />
					<Add directory="..\..\Win32++\include" />
				</ResourceCompiler>
				<Linker>
					<Add directory="C:\Program Files\Microsoft Platform SDK\Lib" />
				</Linker>
			</Target>
			<Target title="Release Microsoft Visual C++">
				<Option output="..\lib\VS2003\Win32xxR.lib" prefix_auto="0" extension_auto="0" />
				<Option working_dir="" />
				<Option object_output="Microsoft\Release" />
				<Option type="2" />
				<Option compiler="msvctk" />
				<Compiler>
					<Add option="/MT" />
					<Add option="/GX" />
					<Add option="/Ox" />
					<Add option="/W3" />
					<Add option="/DWIN32" />
					<Add option="/DNDEBUG" />
					<Add option="/D_WINDOWS" />
					<Add directory="C:\Program Files\Microsoft Platform SDK\Include" />
					<Add directory="..\..\Win32++\include" />
				</Compiler>
				<ResourceCompiler>
					<Add directory="C:\Program Files\Microsoft Platform SDK\Include" />
					<Add directory="..\..\Win32++\include" />
				</ResourceCompiler>
				<Linker>
					<Add directory="C:\Program Files\Microsoft Platform SDK\Lib" />
				</Linker>
			</Target>
			<Target title="Debug MinGW GNU compiler">
				<Option output="..\lib\MinGW\Win32xxD.lib" prefix_auto="0" extension_auto="0" />
				<Option working_dir="" />
				<Option object_output="GNU\Debug" />
				<Option type="2" />
				<Option compiler="gcc" />
				<Compiler>
					<Add option="-Wall" />
					<Add option="-g" />
					<Add option="-g3" />
					<Add option="-D__DEBUG__" />
					<Add option="-D_DEBUG" />
					<Add option="-D_WIN32_IE=0x0400" />
					<Add directory="..\..\Win32++\include" />
				</Compiler>
				<ResourceCompiler>
					<Add directory="..\..\Win32++\include" />
				</ResourceCompiler>
			</Target>
			<Target title="Release MinGW GNU compiler">
				<Option output="..\lib\MinGW\Win32xxR.lib" prefix_auto="0" extension_auto="0" />
				<Option working_dir="" />
				<Option object_output="GNU\Release" />
				<Option type="2" />
				<Option compiler="gcc" />
				<Compiler>
					<Add option="-Wall" />
					<Add option="-D_WIN32_IE=0x0400" />
					<Add option="-DNDEBUG" />
					<Add directory="..\..\Win32++\include" />
				</Compiler>
				<ResourceCompiler>
					<Add directory="..\..\Win32++\include" />
				</ResourceCompiler>
			</Target>
		</Build>
		<VirtualTargets>
			<Add alias="All" targets="Debug Borland;Release Borland;Debug Microsoft Visual C++;Release Microsoft Visual C++;Debug MinGW GNU compiler;Release MinGW GNU compiler;" />
		</VirtualTargets>
		<Unit filename="..\src\dialog.cpp" />
		<Unit filename="..\src\dialog.h" />
		<Unit filename="..\src\docking.cpp" />
		<Unit filename="..\src\docking.h" />
		<Unit filename="..\src\frame.cpp" />
		<Unit filename="..\src\frame.h" />
		<Unit filename="..\src\gdi.cpp" />
		<Unit filename="..\src\gdi.h" />
		<Unit filename="..\src\info.txt" />
		<Unit filename="..\src\listview.cpp" />
		<Unit filename="..\src\listview.h" />
		<Unit filename="..\src\mdi.cpp" />
		<Unit filename="..\src\mdi.h" />
		<Unit filename="..\src\propertysheet.cpp" />
		<Unit filename="..\src\propertysheet.h" />
		<Unit filename="..\src\rebar.cpp" />
		<Unit filename="..\src\rebar.h" />
		<Unit filename="..\src\socket.cpp" />
		<Unit filename="..\src\socket.h" />
		<Unit filename="..\src\splitter.cpp" />
		<Unit filename="..\src\splitter.h" />
		<Unit filename="..\src\statusbar.cpp" />
		<Unit filename="..\src\statusbar.h" />
		<Unit filename="..\src\tab.cpp" />
		<Unit filename="..\src\tab.h" />
		<Unit filename="..\src\toolbar.cpp" />
		<Unit filename="..\src\toolbar.h" />
		<Unit filename="..\src\treeview.cpp" />
		<Unit filename="..\src\treeview.h" />
		<Unit filename="..\src\wincore.cpp" />
		<Unit filename="..\src\wincore.h" />
		<Extensions>
			<code_completion />
			<debugger />
		</Extensions>
	</Project>
</CodeBlocks_project_file>
