<?xml version="1.0" encoding="UTF-8" standalone="yes" ?>
<CodeBlocks_project_file>
	<FileVersion major="1" minor="6" />
	<Project>
		<Option title="Performance" />
		<Option pch_mode="0" />
		<Option default_target="Release MinGW GNU compiler" />
		<Option compiler="gcc" />
		<Build>
			<Target title="Debug MinGW GNU compiler">
				<Option output="GNU/Debug/Performance.exe" prefix_auto="0" extension_auto="0" />
				<Option working_dir="GNU/Debug" />
				<Option object_output="GNU/Debug" />
				<Option type="0" />
				<Option compiler="gcc" />
				<Compiler>
					<Add option="-Wall" />
					<Add option="-g" />
					<Add option="-g3" />
					<Add option="-D_DEBUG" />
					<Add option="-DUNICODE" />
					<Add option="-D_UNICODE" />
					<Add directory="../../../include" />
				</Compiler>
				<ResourceCompiler>
					<Add directory="../../../include" />
				</ResourceCompiler>
				<Linker>
					<Add option="-static" />
					<Add option="-municode" />
					<Add library="comctl32" />
					<Add library="Ws2_32" />
					<Add library="ole32" />
					<Add library="oleaut32" />
					<Add library="uuid" />
				</Linker>
			</Target>
			<Target title="Release MinGW GNU compiler">
				<Option output="GNU/Release/Performance.exe" prefix_auto="0" extension_auto="0" />
				<Option working_dir="GNU/Release" />
				<Option object_output="GNU/Release" />
				<Option type="0" />
				<Option compiler="gcc" />
				<Compiler>
					<Add option="-Wall" />
					<Add option="-DNDEBUG" />
					<Add option="-DUNICODE" />
					<Add option="-D_UNICODE" />
					<Add directory="../../../include" />
				</Compiler>
				<ResourceCompiler>
					<Add directory="../../../include" />
				</ResourceCompiler>
				<Linker>
					<Add option="-s" />
					<Add option="-static" />
					<Add option="-municode" />
					<Add library="comctl32" />
					<Add library="Ws2_32" />
					<Add library="ole32" />
					<Add library="oleaut32" />
					<Add library="uuid" />
				</Linker>
			</Target>
		</Build>
		<VirtualTargets>
			<Add alias="All" targets="Debug MinGW GNU compiler;Release MinGW GNU compiler;" />
		</VirtualTargets>
		<Unit filename="../src/MainWnd.cpp" />
		<Unit filename="../src/MainWnd.h" />
		<Unit filename="../src/MyDialog.cpp" />
		<Unit filename="../src/MyDialog.h" />
		<Unit filename="../src/MyEdit.cpp" />
		<Unit filename="../src/MyEdit.h" />
		<Unit filename="../src/PerfApp.cpp" />
		<Unit filename="../src/PerfApp.h" />
		<Unit filename="../src/Performance.rc">
			<Option compilerVar="WINDRES" />
		</Unit>
		<Unit filename="../src/TestWnd.cpp" />
		<Unit filename="../src/TestWnd.h" />
		<Unit filename="../src/main.cpp" />
		<Unit filename="../src/resource.h" />
		<Unit filename="../src/stdafx.h">
			<Option compile="1" />
		</Unit>
		<Extensions />
	</Project>
</CodeBlocks_project_file>
