
Microsoft Visual Studio Solution File, Format Version 9.00
# Visual C++ Express 2005
Project("{8BC9CEB8-8B4A-11D0-8D11-00A0C91BC942}") = "Picture", "Picture_2005.vcproj", "{666FFF95-D2E9-42CB-9A74-380600DBF889}"
EndProject
Global
	GlobalSection(SolutionConfigurationPlatforms) = preSolution
		Debug Static Library|Win32 = Debug Static Library|Win32
		Debug|Win32 = Debug|Win32
		Release Static Library|Win32 = Release Static Library|Win32
		Release|Win32 = Release|Win32
	EndGlobalSection
	GlobalSection(ProjectConfigurationPlatforms) = postSolution
		{666FFF95-D2E9-42CB-9A74-380600DBF889}.Debug Static Library|Win32.ActiveCfg = Debug Static Library|Win32
		{666FFF95-D2E9-42CB-9A74-380600DBF889}.Debug Static Library|Win32.Build.0 = Debug Static Library|Win32
		{666FFF95-D2E9-42CB-9A74-380600DBF889}.Debug|Win32.ActiveCfg = Debug|Win32
		{666FFF95-D2E9-42CB-9A74-380600DBF889}.Debug|Win32.Build.0 = Debug|Win32
		{666FFF95-D2E9-42CB-9A74-380600DBF889}.Release Static Library|Win32.ActiveCfg = Release Static Library|Win32
		{666FFF95-D2E9-42CB-9A74-380600DBF889}.Release Static Library|Win32.Build.0 = Release Static Library|Win32
		{666FFF95-D2E9-42CB-9A74-380600DBF889}.Release|Win32.ActiveCfg = Release|Win32
		{666FFF95-D2E9-42CB-9A74-380600DBF889}.Release|Win32.Build.0 = Release|Win32
	EndGlobalSection
	GlobalSection(SolutionProperties) = preSolution
		HideSolutionNode = FALSE
	EndGlobalSection
EndGlobal
