<?xml version="1.0" encoding="utf-8"?>
<Project ToolsVersion="4.0" xmlns="http://schemas.microsoft.com/developer/msbuild/2003">
  <ItemGroup>
    <Filter Include="Source Files">
      <UniqueIdentifier>{6e3811e8-f009-472b-b5b8-9aa328b60408}</UniqueIdentifier>
    </Filter>
    <Filter Include="Win32++">
      <UniqueIdentifier>{1ef65a04-ee4b-444b-91cf-13cf00f49233}</UniqueIdentifier>
    </Filter>
  </ItemGroup>
  <ItemGroup>
    <ClInclude Include="..\..\include\wincore.h">
      <Filter>Win32++</Filter>
    </ClInclude>
  </ItemGroup>
  <ItemGroup>
    <ClCompile Include="main.cpp">
      <Filter>Source Files</Filter>
    </ClCompile>
  </ItemGroup>
</Project>