Microsoft Visual Studio Solution File, Format Version 10.00
# Visual C++ Express 2008
Project("{8BC9CEB8-8B4A-11D0-8D11-00A0C91BC942}") = "Performance", "Performance_2008.vcproj", "{F066294C-68B6-423A-85A1-2745A5E8EE80}"
EndProject
Global
	GlobalSection(SolutionConfigurationPlatforms) = preSolution
		Debug|Win32 = Debug|Win32
		Release|Win32 = Release|Win32
	EndGlobalSection
	GlobalSection(ProjectConfigurationPlatforms) = postSolution
		{F066294C-68B6-423A-85A1-2745A5E8EE80}.Debug|Win32.ActiveCfg = Debug|Win32
		{F066294C-68B6-423A-85A1-2745A5E8EE80}.Debug|Win32.Build.0 = Debug|Win32
		{F066294C-68B6-423A-85A1-2745A5E8EE80}.Release|Win32.ActiveCfg = Release|Win32
		{F066294C-68B6-423A-85A1-2745A5E8EE80}.Release|Win32.Build.0 = Release|Win32
	EndGlobalSection
	GlobalSection(SolutionProperties) = preSolution
		HideSolutionNode = FALSE
	EndGlobalSection
EndGlobal
