<?xml version="1.0" encoding="utf-8"?>
<Project ToolsVersion="4.0" xmlns="http://schemas.microsoft.com/developer/msbuild/2003">
  <ItemGroup>
    <ClCompile Include="..\src\CoverImage.cpp">
      <Filter>Source Files</Filter>
    </ClCompile>
    <ClCompile Include="..\src\List.cpp">
      <Filter>Source Files</Filter>
    </ClCompile>
    <ClCompile Include="..\src\main.cpp">
      <Filter>Source Files</Filter>
    </ClCompile>
    <ClCompile Include="..\src\Mainfrm.cpp">
      <Filter>Source Files</Filter>
    </ClCompile>
    <ClCompile Include="..\src\MovieShowApp.cpp">
      <Filter>Source Files</Filter>
    </ClCompile>
    <ClCompile Include="..\src\MyDialog.cpp">
      <Filter>Source Files</Filter>
    </ClCompile>
    <ClCompile Include="..\src\SearchDialog.cpp">
      <Filter>Source Files</Filter>
    </ClCompile>
    <ClCompile Include="..\src\Splash.cpp">
      <Filter>Source Files</Filter>
    </ClCompile>
    <ClCompile Include="..\src\StdAfx.cpp">
      <Filter>Source Files</Filter>
    </ClCompile>
    <ClCompile Include="..\src\Tree.cpp">
      <Filter>Source Files</Filter>
    </ClCompile>
  </ItemGroup>
  <ItemGroup>
    <ClInclude Include="..\src\CoverImage.h">
      <Filter>Header Files</Filter>
    </ClInclude>
    <ClInclude Include="..\src\List.h">
      <Filter>Header Files</Filter>
    </ClInclude>
    <ClInclude Include="..\src\Mainfrm.h">
      <Filter>Header Files</Filter>
    </ClInclude>
    <ClInclude Include="..\src\MediaInfoDLL.h">
      <Filter>Header Files</Filter>
    </ClInclude>
    <ClInclude Include="..\src\MovieShowApp.h">
      <Filter>Header Files</Filter>
    </ClInclude>
    <ClInclude Include="..\src\MyDialog.h">
      <Filter>Header Files</Filter>
    </ClInclude>
    <ClInclude Include="..\src\resource.h">
      <Filter>Header Files</Filter>
    </ClInclude>
    <ClInclude Include="..\src\SearchDialog.h">
      <Filter>Header Files</Filter>
    </ClInclude>
    <ClInclude Include="..\src\Splash.h">
      <Filter>Header Files</Filter>
    </ClInclude>
    <ClInclude Include="..\src\stdafx.h">
      <Filter>Header Files</Filter>
    </ClInclude>
    <ClInclude Include="..\src\targetver.h">
      <Filter>Header Files</Filter>
    </ClInclude>
    <ClInclude Include="..\src\Tree.h">
      <Filter>Header Files</Filter>
    </ClInclude>
  </ItemGroup>
  <ItemGroup>
    <Filter Include="Source Files">
      <UniqueIdentifier>{bc586fbc-c90e-48e2-bf38-1ce29e066017}</UniqueIdentifier>
    </Filter>
    <Filter Include="Header Files">
      <UniqueIdentifier>{ca064243-b8bd-4dc4-b489-2b2c044c2e5c}</UniqueIdentifier>
    </Filter>
    <Filter Include="Resource Files">
      <UniqueIdentifier>{d7e11dde-3c6b-4c36-991b-73bf74e83dcb}</UniqueIdentifier>
    </Filter>
  </ItemGroup>
  <ItemGroup>
    <ResourceCompile Include="..\src\Resource.rc">
      <Filter>Resource Files</Filter>
    </ResourceCompile>
  </ItemGroup>
</Project>