<?xml version="1.0" encoding="UTF-8" standalone="yes" ?>
<CodeBlocks_project_file>
	<FileVersion major="1" minor="6" />
	<Project>
		<Option title="CommonDialogs" />
		<Option pch_mode="0" />
		<Option default_target="Release MinGW GNU compiler" />
		<Option compiler="gcc" />
		<Build>
			<Target title="Debug MinGW GNU compiler">
				<Option output="GNU/Debug/CommonDialogs.exe" prefix_auto="0" extension_auto="0" />
				<Option working_dir="GNU/Debug" />
				<Option object_output="GNU/Debug" />
				<Option type="0" />
				<Option compiler="gcc" />
				<Compiler>
					<Add option="-Wall" />
					<Add option="-g" />
					<Add option="-g3" />
					<Add option="-D_DEBUG" />
					<Add option="-DUNICODE" />
					<Add option="-D_UNICODE" />
					<Add directory="../../../include" />
					<Add directory="../src/help" />
				</Compiler>
				<ResourceCompiler>
					<Add directory="../../../include" />
				</ResourceCompiler>
				<Linker>
					<Add option="-static" />
					<Add option="-municode" />
					<Add library="comctl32" />
					<Add library="Ole32" />
					<Add library="Oleaut32" />
					<Add library="Uuid" />
					<Add library="Ws2_32" />
					<Add directory="../src/help" />
				</Linker>
			</Target>
			<Target title="Release MinGW GNU compiler">
				<Option output="GNU/Release/CommonDialogs.exe" prefix_auto="0" extension_auto="0" />
				<Option working_dir="GNU/Release" />
				<Option object_output="GNU/Release" />
				<Option type="0" />
				<Option compiler="gcc" />
				<Compiler>
					<Add option="-Wall" />
					<Add option="-DNDEBUG" />
					<Add option="-DUNICODE" />
					<Add option="-D_UNICODE" />
					<Add directory="../../../include" />
					<Add directory="../src/help" />
				</Compiler>
				<ResourceCompiler>
					<Add directory="../../../include" />
				</ResourceCompiler>
				<Linker>
					<Add option="-static" />
					<Add option="-municode" />
					<Add library="comctl32" />
					<Add library="Ole32" />
					<Add library="Oleaut32" />
					<Add library="Uuid" />
					<Add library="Ws2_32" />
					<Add directory="../src/help" />
				</Linker>
			</Target>
		</Build>
		<VirtualTargets>
			<Add alias="All" targets="Debug MinGW GNU compiler;Release MinGW GNU compiler;" />
		</VirtualTargets>
		<Unit filename="../src/AboutBox.cpp" />
		<Unit filename="../src/AboutBox.h" />
		<Unit filename="../src/App.cpp" />
		<Unit filename="../src/App.h" />
		<Unit filename="../src/ColorChoice.cpp" />
		<Unit filename="../src/ColorChoice.h" />
		<Unit filename="../src/ColorDefs.h" />
		<Unit filename="../src/Doc.cpp" />
		<Unit filename="../src/Doc.h" />
		<Unit filename="../src/ListBoxDlg.cpp" />
		<Unit filename="../src/ListBoxDlg.h" />
		<Unit filename="../src/Mainfrm.cpp" />
		<Unit filename="../src/Mainfrm.h" />
		<Unit filename="../src/MyFileDlg.h" />
		<Unit filename="../src/MyFindReplaceDlg.h" />
		<Unit filename="../src/MyFontDlg.cpp" />
		<Unit filename="../src/MyFontDlg.h" />
		<Unit filename="../src/MyPrintDialog.h" />
		<Unit filename="../src/PrintInfo.cpp" />
		<Unit filename="../src/PrintInfo.h" />
		<Unit filename="../src/Resource.rc">
			<Option compilerVar="WINDRES" />
		</Unit>
		<Unit filename="../src/RichEditView.cpp" />
		<Unit filename="../src/RichEditView.h" />
		<Unit filename="../src/StdAfx.cpp" />
		<Unit filename="../src/StdApp.h" />
		<Unit filename="../src/View.cpp" />
		<Unit filename="../src/View.h" />
		<Unit filename="../src/main.cpp" />
		<Unit filename="../src/resource.h" />
		<Unit filename="../src/stdafx.h">
			<Option compile="1" />
			<Option weight="0" />
		</Unit>
		<Extensions />
	</Project>
</CodeBlocks_project_file>
