<?xml version="1.0" encoding="utf-8"?>
<Project ToolsVersion="4.0" xmlns="http://schemas.microsoft.com/developer/msbuild/2003">
  <ItemGroup>
    <ClCompile Include="..\src\main.cpp">
      <Filter>Source Files</Filter>
    </ClCompile>
    <ClCompile Include="..\src\Mainfrm.cpp">
      <Filter>Source Files</Filter>
    </ClCompile>
    <ClCompile Include="..\src\RichView.cpp">
      <Filter>Source Files</Filter>
    </ClCompile>
    <ClCompile Include="..\src\StdAfx.cpp">
      <Filter>Source Files</Filter>
    </ClCompile>
    <ClCompile Include="..\src\TextApp.cpp">
      <Filter>Source Files</Filter>
    </ClCompile>
  </ItemGroup>
  <ItemGroup>
    <ClInclude Include="..\..\..\include\dialog.h">
      <Filter>Win32++</Filter>
    </ClInclude>
    <ClInclude Include="..\..\..\include\frame.h">
      <Filter>Win32++</Filter>
    </ClInclude>
    <ClInclude Include="..\..\..\include\gdi.h">
      <Filter>Win32++</Filter>
    </ClInclude>
    <ClInclude Include="..\..\..\include\rebar.h">
      <Filter>Win32++</Filter>
    </ClInclude>
    <ClInclude Include="..\..\..\include\statusbar.h">
      <Filter>Win32++</Filter>
    </ClInclude>
    <ClInclude Include="..\..\..\include\toolbar.h">
      <Filter>Win32++</Filter>
    </ClInclude>
    <ClInclude Include="..\..\..\include\wincore.h">
      <Filter>Win32++</Filter>
    </ClInclude>
    <ClInclude Include="..\src\Mainfrm.h">
      <Filter>Header Files</Filter>
    </ClInclude>
    <ClInclude Include="..\src\resource.h">
      <Filter>Header Files</Filter>
    </ClInclude>
    <ClInclude Include="..\src\RichView.h">
      <Filter>Header Files</Filter>
    </ClInclude>
    <ClInclude Include="..\src\stdafx.h">
      <Filter>Header Files</Filter>
    </ClInclude>
    <ClInclude Include="..\src\TextApp.h">
      <Filter>Header Files</Filter>
    </ClInclude>
    <ClInclude Include="..\..\..\include\controls.h">
      <Filter>Win32++</Filter>
    </ClInclude>
    <ClInclude Include="..\..\..\include\cstring.h">
      <Filter>Win32++</Filter>
    </ClInclude>
    <ClInclude Include="..\..\..\include\default_resource.h">
      <Filter>Win32++</Filter>
    </ClInclude>
    <ClInclude Include="..\..\..\include\docking.h">
      <Filter>Win32++</Filter>
    </ClInclude>
    <ClInclude Include="..\..\..\include\file.h">
      <Filter>Win32++</Filter>
    </ClInclude>
    <ClInclude Include="..\..\..\include\listview.h">
      <Filter>Win32++</Filter>
    </ClInclude>
    <ClInclude Include="..\..\..\include\mdi.h">
      <Filter>Win32++</Filter>
    </ClInclude>
    <ClInclude Include="..\..\..\include\menu.h">
      <Filter>Win32++</Filter>
    </ClInclude>
    <ClInclude Include="..\..\..\include\propertysheet.h">
      <Filter>Win32++</Filter>
    </ClInclude>
    <ClInclude Include="..\..\..\include\ribbon.h">
      <Filter>Win32++</Filter>
    </ClInclude>
    <ClInclude Include="..\..\..\include\shared_ptr.h">
      <Filter>Win32++</Filter>
    </ClInclude>
    <ClInclude Include="..\..\..\include\socket.h">
      <Filter>Win32++</Filter>
    </ClInclude>
    <ClInclude Include="..\..\..\include\stdcontrols.h">
      <Filter>Win32++</Filter>
    </ClInclude>
    <ClInclude Include="..\..\..\include\tab.h">
      <Filter>Win32++</Filter>
    </ClInclude>
    <ClInclude Include="..\..\..\include\taskdialog.h">
      <Filter>Win32++</Filter>
    </ClInclude>
    <ClInclude Include="..\..\..\include\thread.h">
      <Filter>Win32++</Filter>
    </ClInclude>
    <ClInclude Include="..\..\..\include\treeview.h">
      <Filter>Win32++</Filter>
    </ClInclude>
    <ClInclude Include="..\..\..\include\wceframe.h">
      <Filter>Win32++</Filter>
    </ClInclude>
    <ClInclude Include="..\..\..\include\winutils.h">
      <Filter>Win32++</Filter>
    </ClInclude>
  </ItemGroup>
  <ItemGroup>
    <Filter Include="Header Files">
      <UniqueIdentifier>{e38823c3-91f0-4e29-a9b0-aebed6e7e5a6}</UniqueIdentifier>
    </Filter>
    <Filter Include="Resource Files">
      <UniqueIdentifier>{80d9cee0-16de-4a6e-a7a0-d1f368dd72c3}</UniqueIdentifier>
    </Filter>
    <Filter Include="Source Files">
      <UniqueIdentifier>{b3ca972d-bc83-48e9-9afb-4469843bd15a}</UniqueIdentifier>
    </Filter>
    <Filter Include="Win32++">
      <UniqueIdentifier>{45581322-7e5f-4c1a-a8f7-3c388f014ebf}</UniqueIdentifier>
    </Filter>
  </ItemGroup>
  <ItemGroup>
    <ResourceCompile Include="..\src\Resource.rc">
      <Filter>Resource Files</Filter>
    </ResourceCompile>
  </ItemGroup>
</Project>