<?xml version="1.0" encoding="utf-8"?>
<Project ToolsVersion="4.0" xmlns="http://schemas.microsoft.com/developer/msbuild/2003">
  <ItemGroup>
    <ClCompile Include="..\src\main.cpp">
      <Filter>Source Files</Filter>
    </ClCompile>
    <ClCompile Include="..\src\MainMDIfrm.cpp">
      <Filter>Source Files</Filter>
    </ClCompile>
    <ClCompile Include="..\src\MDIChildListView.cpp">
      <Filter>Source Files</Filter>
    </ClCompile>
    <ClCompile Include="..\src\MDIChildMax.cpp">
      <Filter>Source Files</Filter>
    </ClCompile>
    <ClCompile Include="..\src\MDIChildRect.cpp">
      <Filter>Source Files</Filter>
    </ClCompile>
    <ClCompile Include="..\src\MDIChildSimple.cpp">
      <Filter>Source Files</Filter>
    </ClCompile>
    <ClCompile Include="..\src\MDIChildText.cpp">
      <Filter>Source Files</Filter>
    </ClCompile>
    <ClCompile Include="..\src\MDIChildTreeView.cpp">
      <Filter>Source Files</Filter>
    </ClCompile>
    <ClCompile Include="..\src\MDIDemoApp.cpp">
      <Filter>Source Files</Filter>
    </ClCompile>
    <ClCompile Include="..\src\StdAfx.cpp">
      <Filter>Source Files</Filter>
    </ClCompile>
  </ItemGroup>
  <ItemGroup>
    <ClInclude Include="..\src\MainMDIfrm.h">
      <Filter>Header Files</Filter>
    </ClInclude>
    <ClInclude Include="..\src\MDIChildListView.h">
      <Filter>Header Files</Filter>
    </ClInclude>
    <ClInclude Include="..\src\MDIChildMax.h">
      <Filter>Header Files</Filter>
    </ClInclude>
    <ClInclude Include="..\src\MDIChildRect.h">
      <Filter>Header Files</Filter>
    </ClInclude>
    <ClInclude Include="..\src\MDIChildSimple.h">
      <Filter>Header Files</Filter>
    </ClInclude>
    <ClInclude Include="..\src\MDIChildText.h">
      <Filter>Header Files</Filter>
    </ClInclude>
    <ClInclude Include="..\src\MDIChildTreeView.h">
      <Filter>Header Files</Filter>
    </ClInclude>
    <ClInclude Include="..\src\MDIDemoApp.h">
      <Filter>Header Files</Filter>
    </ClInclude>
    <ClInclude Include="..\src\resource.h">
      <Filter>Header Files</Filter>
    </ClInclude>
    <ClInclude Include="..\src\stdafx.h">
      <Filter>Header Files</Filter>
    </ClInclude>
    <ClInclude Include="..\..\..\include\controls.h">
      <Filter>Win32++</Filter>
    </ClInclude>
    <ClInclude Include="..\..\..\include\default_resource.h">
      <Filter>Win32++</Filter>
    </ClInclude>
    <ClInclude Include="..\..\..\include\dialog.h">
      <Filter>Win32++</Filter>
    </ClInclude>
    <ClInclude Include="..\..\..\include\docking.h">
      <Filter>Win32++</Filter>
    </ClInclude>
    <ClInclude Include="..\..\..\include\file.h">
      <Filter>Win32++</Filter>
    </ClInclude>
    <ClInclude Include="..\..\..\include\frame.h">
      <Filter>Win32++</Filter>
    </ClInclude>
    <ClInclude Include="..\..\..\include\gdi.h">
      <Filter>Win32++</Filter>
    </ClInclude>
    <ClInclude Include="..\..\..\include\listview.h">
      <Filter>Win32++</Filter>
    </ClInclude>
    <ClInclude Include="..\..\..\include\mdi.h">
      <Filter>Win32++</Filter>
    </ClInclude>
    <ClInclude Include="..\..\..\include\menu.h">
      <Filter>Win32++</Filter>
    </ClInclude>
    <ClInclude Include="..\..\..\include\propertysheet.h">
      <Filter>Win32++</Filter>
    </ClInclude>
    <ClInclude Include="..\..\..\include\rebar.h">
      <Filter>Win32++</Filter>
    </ClInclude>
    <ClInclude Include="..\..\..\include\ribbon.h">
      <Filter>Win32++</Filter>
    </ClInclude>
    <ClInclude Include="..\..\..\include\shared_ptr.h">
      <Filter>Win32++</Filter>
    </ClInclude>
    <ClInclude Include="..\..\..\include\socket.h">
      <Filter>Win32++</Filter>
    </ClInclude>
    <ClInclude Include="..\..\..\include\statusbar.h">
      <Filter>Win32++</Filter>
    </ClInclude>
    <ClInclude Include="..\..\..\include\stdcontrols.h">
      <Filter>Win32++</Filter>
    </ClInclude>
    <ClInclude Include="..\..\..\include\tab.h">
      <Filter>Win32++</Filter>
    </ClInclude>
    <ClInclude Include="..\..\..\include\taskdialog.h">
      <Filter>Win32++</Filter>
    </ClInclude>
    <ClInclude Include="..\..\..\include\toolbar.h">
      <Filter>Win32++</Filter>
    </ClInclude>
    <ClInclude Include="..\..\..\include\treeview.h">
      <Filter>Win32++</Filter>
    </ClInclude>
    <ClInclude Include="..\..\..\include\webbrowser.h">
      <Filter>Win32++</Filter>
    </ClInclude>
    <ClInclude Include="..\..\..\include\wincore.h">
      <Filter>Win32++</Filter>
    </ClInclude>
    <ClInclude Include="..\..\..\include\winutils.h">
      <Filter>Win32++</Filter>
    </ClInclude>
    <ClInclude Include="..\..\..\include\menubar.h">
      <Filter>Win32++</Filter>
    </ClInclude>
    <ClInclude Include="..\..\..\include\c_string.h">
      <Filter>Win32++</Filter>
    </ClInclude>
  </ItemGroup>
  <ItemGroup>
    <Filter Include="Header Files">
      <UniqueIdentifier>{676b8213-5323-4ee3-8800-ecbfe382f374}</UniqueIdentifier>
    </Filter>
    <Filter Include="Resource Files">
      <UniqueIdentifier>{6f6a5cf1-11df-4a8f-a982-0450f33b377e}</UniqueIdentifier>
    </Filter>
    <Filter Include="Source Files">
      <UniqueIdentifier>{3f7b9fc5-23a6-4548-a60f-061ad8fbd702}</UniqueIdentifier>
    </Filter>
    <Filter Include="Win32++">
      <UniqueIdentifier>{0cf9883f-237b-4ec7-bca1-988e5bd7d0bb}</UniqueIdentifier>
    </Filter>
  </ItemGroup>
  <ItemGroup>
    <ResourceCompile Include="..\src\Resource.rc">
      <Filter>Resource Files</Filter>
    </ResourceCompile>
  </ItemGroup>
</Project>