<?xml version="1.0" encoding="utf-8"?>
<Project ToolsVersion="4.0" xmlns="http://schemas.microsoft.com/developer/msbuild/2003">
  <ItemGroup>
    <ClCompile Include="..\src\Doc.cpp">
      <Filter>Source Files</Filter>
    </ClCompile>
    <ClCompile Include="..\src\main.cpp">
      <Filter>Source Files</Filter>
    </ClCompile>
    <ClCompile Include="..\src\Mainfrm.cpp">
      <Filter>Source Files</Filter>
    </ClCompile>
    <ClCompile Include="..\src\ScribbleApp.cpp">
      <Filter>Source Files</Filter>
    </ClCompile>
    <ClCompile Include="..\src\View.cpp">
      <Filter>Source Files</Filter>
    </ClCompile>
  </ItemGroup>
  <ItemGroup>
    <ClInclude Include="..\..\..\include\wxx_wincore.h">
      <Filter>Win32++</Filter>
    </ClInclude>
    <ClInclude Include="..\..\..\include\wxx_winutils.h">
      <Filter>Win32++</Filter>
    </ClInclude>
    <ClInclude Include="..\..\..\include\wxx_archive.h">
      <Filter>Win32++</Filter>
    </ClInclude>
    <ClInclude Include="..\..\..\include\wxx_frame.h">
      <Filter>Win32++</Filter>
    </ClInclude>
    <ClInclude Include="..\..\..\include\wxx_gdi.h">
      <Filter>Win32++</Filter>
    </ClInclude>
    <ClInclude Include="..\src\Doc.h">
      <Filter>Header Files</Filter>
    </ClInclude>
    <ClInclude Include="..\src\Mainfrm.h">
      <Filter>Header Files</Filter>
    </ClInclude>
    <ClInclude Include="..\src\resource.h">
      <Filter>Header Files</Filter>
    </ClInclude>
    <ClInclude Include="..\src\ScribbleApp.h">
      <Filter>Header Files</Filter>
    </ClInclude>
    <ClInclude Include="..\src\targetver.h">
      <Filter>Header Files</Filter>
    </ClInclude>
    <ClInclude Include="..\src\View.h">
      <Filter>Header Files</Filter>
    </ClInclude>
  </ItemGroup>
  <ItemGroup>
    <Filter Include="Source Files">
      <UniqueIdentifier>{7fd2726d-fa43-4c2e-b70f-848b91f08e8a}</UniqueIdentifier>
    </Filter>
    <Filter Include="Header Files">
      <UniqueIdentifier>{6de1d9c6-0dd2-47fe-995e-72742b8b6d14}</UniqueIdentifier>
    </Filter>
    <Filter Include="Resource Files">
      <UniqueIdentifier>{3f93ed5f-48c8-4663-aba4-39ca3301f5b4}</UniqueIdentifier>
    </Filter>
    <Filter Include="Win32++">
      <UniqueIdentifier>{fc841f02-114e-474a-96df-8a6d51cb976a}</UniqueIdentifier>
    </Filter>
  </ItemGroup>
  <ItemGroup>
    <ResourceCompile Include="..\src\Resource.rc">
      <Filter>Resource Files</Filter>
    </ResourceCompile>
  </ItemGroup>
</Project>