
Microsoft Visual Studio Solution File, Format Version 9.00
# Visual C++ Express 2005
Project("{8BC9CEB8-8B4A-11D0-8D11-00A0C91BC942}") = "Browser", "Browser_2005.vcproj", "{B6FA69C8-3608-4E54-B7CE-BB247D97E53E}"
EndProject
Global
	GlobalSection(SolutionConfigurationPlatforms) = preSolution
		Debug Static Library|Win32 = Debug Static Library|Win32
		Debug|Win32 = Debug|Win32
		Release Static Library|Win32 = Release Static Library|Win32
		Release|Win32 = Release|Win32
	EndGlobalSection
	GlobalSection(ProjectConfigurationPlatforms) = postSolution
		{B6FA69C8-3608-4E54-B7CE-BB247D97E53E}.Debug Static Library|Win32.ActiveCfg = Debug Static Library|Win32
		{B6FA69C8-3608-4E54-B7CE-BB247D97E53E}.Debug Static Library|Win32.Build.0 = Debug Static Library|Win32
		{B6FA69C8-3608-4E54-B7CE-BB247D97E53E}.Debug|Win32.ActiveCfg = Debug|Win32
		{B6FA69C8-3608-4E54-B7CE-BB247D97E53E}.Debug|Win32.Build.0 = Debug|Win32
		{B6FA69C8-3608-4E54-B7CE-BB247D97E53E}.Release Static Library|Win32.ActiveCfg = Release Static Library|Win32
		{B6FA69C8-3608-4E54-B7CE-BB247D97E53E}.Release Static Library|Win32.Build.0 = Release Static Library|Win32
		{B6FA69C8-3608-4E54-B7CE-BB247D97E53E}.Release|Win32.ActiveCfg = Release|Win32
		{B6FA69C8-3608-4E54-B7CE-BB247D97E53E}.Release|Win32.Build.0 = Release|Win32
	EndGlobalSection
	GlobalSection(SolutionProperties) = preSolution
		HideSolutionNode = FALSE
	EndGlobalSection
EndGlobal
