
Microsoft Visual Studio Solution File, Format Version 9.00
# Visual C++ Express 2005
Project("{8BC9CEB8-8B4A-11D0-8D11-00A0C91BC942}") = "DockContainer", "DockContainer_2005.vcproj", "{565B7E22-9F44-4AC9-A154-4DB496D3122F}"
EndProject
Global
	GlobalSection(SolutionConfigurationPlatforms) = preSolution
		Debug Static Library|Win32 = Debug Static Library|Win32
		Debug|Win32 = Debug|Win32
		Release Static Library|Win32 = Release Static Library|Win32
		Release|Win32 = Release|Win32
	EndGlobalSection
	GlobalSection(ProjectConfigurationPlatforms) = postSolution
		{565B7E22-9F44-4AC9-A154-4DB496D3122F}.Debug Static Library|Win32.ActiveCfg = Debug Static Library|Win32
		{565B7E22-9F44-4AC9-A154-4DB496D3122F}.Debug Static Library|Win32.Build.0 = Debug Static Library|Win32
		{565B7E22-9F44-4AC9-A154-4DB496D3122F}.Debug|Win32.ActiveCfg = Debug|Win32
		{565B7E22-9F44-4AC9-A154-4DB496D3122F}.Debug|Win32.Build.0 = Debug|Win32
		{565B7E22-9F44-4AC9-A154-4DB496D3122F}.Release Static Library|Win32.ActiveCfg = Release Static Library|Win32
		{565B7E22-9F44-4AC9-A154-4DB496D3122F}.Release Static Library|Win32.Build.0 = Release Static Library|Win32
		{565B7E22-9F44-4AC9-A154-4DB496D3122F}.Release|Win32.ActiveCfg = Release|Win32
		{565B7E22-9F44-4AC9-A154-4DB496D3122F}.Release|Win32.Build.0 = Release|Win32
	EndGlobalSection
	GlobalSection(SolutionProperties) = preSolution
		HideSolutionNode = FALSE
	EndGlobalSection
EndGlobal
