<?xml version="1.0" encoding="utf-8"?>
<Project ToolsVersion="4.0" xmlns="http://schemas.microsoft.com/developer/msbuild/2003">
  <ItemGroup>
    <ClCompile Include="..\src\Classes.cpp">
      <Filter>Source Files</Filter>
    </ClCompile>
    <ClCompile Include="..\src\Files.cpp">
      <Filter>Source Files</Filter>
    </ClCompile>
    <ClCompile Include="..\src\main.cpp">
      <Filter>Source Files</Filter>
    </ClCompile>
    <ClCompile Include="..\src\Mainfrm.cpp">
      <Filter>Source Files</Filter>
    </ClCompile>
    <ClCompile Include="..\src\StdAfx.cpp">
      <Filter>Source Files</Filter>
    </ClCompile>
    <ClCompile Include="..\src\TabDemoApp.cpp">
      <Filter>Source Files</Filter>
    </ClCompile>
  </ItemGroup>
  <ItemGroup>
    <ClInclude Include="..\..\..\include\dialog.h">
      <Filter>Win32++</Filter>
    </ClInclude>
    <ClInclude Include="..\..\..\include\frame.h">
      <Filter>Win32++</Filter>
    </ClInclude>
    <ClInclude Include="..\..\..\include\gdi.h">
      <Filter>Win32++</Filter>
    </ClInclude>
    <ClInclude Include="..\..\..\include\rebar.h">
      <Filter>Win32++</Filter>
    </ClInclude>
    <ClInclude Include="..\..\..\include\statusbar.h">
      <Filter>Win32++</Filter>
    </ClInclude>
    <ClInclude Include="..\..\..\include\tab.h">
      <Filter>Win32++</Filter>
    </ClInclude>
    <ClInclude Include="..\..\..\include\toolbar.h">
      <Filter>Win32++</Filter>
    </ClInclude>
    <ClInclude Include="..\..\..\include\wincore.h">
      <Filter>Win32++</Filter>
    </ClInclude>
    <ClInclude Include="..\src\Classes.h">
      <Filter>Header Files</Filter>
    </ClInclude>
    <ClInclude Include="..\src\Files.h">
      <Filter>Header Files</Filter>
    </ClInclude>
    <ClInclude Include="..\src\Mainfrm.h">
      <Filter>Header Files</Filter>
    </ClInclude>
    <ClInclude Include="..\src\resource.h">
      <Filter>Header Files</Filter>
    </ClInclude>
    <ClInclude Include="..\src\stdafx.h">
      <Filter>Header Files</Filter>
    </ClInclude>
    <ClInclude Include="..\src\TabDemoApp.h">
      <Filter>Header Files</Filter>
    </ClInclude>
  </ItemGroup>
  <ItemGroup>
    <Filter Include="Header Files">
      <UniqueIdentifier>{bb1d98e7-ef72-464f-bc98-20e6594261d0}</UniqueIdentifier>
    </Filter>
    <Filter Include="Resource Files">
      <UniqueIdentifier>{8c25dd9b-93e1-4bf3-a8e2-332932ba2152}</UniqueIdentifier>
    </Filter>
    <Filter Include="Source Files">
      <UniqueIdentifier>{23ccd324-25a1-464c-9296-f54bc119c86b}</UniqueIdentifier>
    </Filter>
    <Filter Include="Win32++">
      <UniqueIdentifier>{f3dd7338-41ac-40db-b768-18249170ad7b}</UniqueIdentifier>
    </Filter>
  </ItemGroup>
  <ItemGroup>
    <ResourceCompile Include="..\src\Resource.rc">
      <Filter>Resource Files</Filter>
    </ResourceCompile>
  </ItemGroup>
</Project>
