
Microsoft Visual Studio Solution File, Format Version 10.00
# Visual C++ Express 2008
Project("{8BC9CEB8-8B4A-11D0-8D11-00A0C91BC942}") = "DialogTab", "DialogTab_2008.vcproj", "{51363D97-50F9-4186-A96D-8111F959C176}"
EndProject
Global
	GlobalSection(SolutionConfigurationPlatforms) = preSolution
		Debug Static Library|Win32 = Debug Static Library|Win32
		Debug|Win32 = Debug|Win32
		Release Static Library|Win32 = Release Static Library|Win32
		Release|Win32 = Release|Win32
	EndGlobalSection
	GlobalSection(ProjectConfigurationPlatforms) = postSolution
		{51363D97-50F9-4186-A96D-8111F959C176}.Debug Static Library|Win32.ActiveCfg = Debug Static Library|Win32
		{51363D97-50F9-4186-A96D-8111F959C176}.Debug Static Library|Win32.Build.0 = Debug Static Library|Win32
		{51363D97-50F9-4186-A96D-8111F959C176}.Debug|Win32.ActiveCfg = Debug|Win32
		{51363D97-50F9-4186-A96D-8111F959C176}.Debug|Win32.Build.0 = Debug|Win32
		{51363D97-50F9-4186-A96D-8111F959C176}.Release Static Library|Win32.ActiveCfg = Release Static Library|Win32
		{51363D97-50F9-4186-A96D-8111F959C176}.Release Static Library|Win32.Build.0 = Release Static Library|Win32
		{51363D97-50F9-4186-A96D-8111F959C176}.Release|Win32.ActiveCfg = Release|Win32
		{51363D97-50F9-4186-A96D-8111F959C176}.Release|Win32.Build.0 = Release|Win32
	EndGlobalSection
	GlobalSection(SolutionProperties) = preSolution
		HideSolutionNode = FALSE
	EndGlobalSection
EndGlobal
