
Microsoft Visual Studio Solution File, Format Version 9.00
# Visual C++ Express 2005
Project("{8BC9CEB8-8B4A-11D0-8D11-00A0C91BC942}") = "DialogDemo", "DialogDemo_2005.vcproj", "{157FC3AE-1498-400A-8168-9203121A9F23}"
EndProject
Global
	GlobalSection(SolutionConfigurationPlatforms) = preSolution
		Debug Static Library|Win32 = Debug Static Library|Win32
		Debug|Win32 = Debug|Win32
		Release Static Library|Win32 = Release Static Library|Win32
		Release|Win32 = Release|Win32
	EndGlobalSection
	GlobalSection(ProjectConfigurationPlatforms) = postSolution
		{157FC3AE-1498-400A-8168-9203121A9F23}.Debug Static Library|Win32.ActiveCfg = Debug Static Library|Win32
		{157FC3AE-1498-400A-8168-9203121A9F23}.Debug Static Library|Win32.Build.0 = Debug Static Library|Win32
		{157FC3AE-1498-400A-8168-9203121A9F23}.Debug|Win32.ActiveCfg = Debug|Win32
		{157FC3AE-1498-400A-8168-9203121A9F23}.Debug|Win32.Build.0 = Debug|Win32
		{157FC3AE-1498-400A-8168-9203121A9F23}.Release Static Library|Win32.ActiveCfg = Release Static Library|Win32
		{157FC3AE-1498-400A-8168-9203121A9F23}.Release Static Library|Win32.Build.0 = Release Static Library|Win32
		{157FC3AE-1498-400A-8168-9203121A9F23}.Release|Win32.ActiveCfg = Release|Win32
		{157FC3AE-1498-400A-8168-9203121A9F23}.Release|Win32.Build.0 = Release|Win32
	EndGlobalSection
	GlobalSection(SolutionProperties) = preSolution
		HideSolutionNode = FALSE
	EndGlobalSection
EndGlobal
