Microsoft Visual Studio Solution File, Format Version 10.00
# Visual C++ Express 2008
Project("{8BC9CEB8-8B4A-11D0-8D11-00A0C91BC942}") = "Dialog", "..\..\Dialog\ProjectFiles\Dialog_2008.vcproj", "{065CE64C-E36E-4097-9CF6-F97CAF864DDA}"
EndProject
Project("{8BC9CEB8-8B4A-11D0-8D11-00A0C91BC942}") = "DialogBars", "..\..\DialogBars\ProjectFiles\DialogBars_2008.vcproj", "{3BDF586E-DB76-4571-815B-53C7141B5C56}"
EndProject
Project("{8BC9CEB8-8B4A-11D0-8D11-00A0C91BC942}") = "Threads", "..\..\Threads\ProjectFiles\Threads_2008.vcproj", "{338B0BE6-5BA0-4788-99A0-46B0DDC3BEC4}"
EndProject
Project("{8BC9CEB8-8B4A-11D0-8D11-00A0C91BC942}") = "Themes", "..\..\Themes\ProjectFiles\Themes_2008.vcproj", "{76779E14-006F-4CC9-B1CF-94279D82C5B6}"
EndProject
Project("{8BC9CEB8-8B4A-11D0-8D11-00A0C91BC942}") = "TabDemo", "..\..\TabDemo\ProjectFiles\TabDemo_2008.vcproj", "{AF5C71AF-2EFE-42F8-BDC1-D49C211EBF1B}"
EndProject
Project("{8BC9CEB8-8B4A-11D0-8D11-00A0C91BC942}") = "Splitter", "..\..\Splitter\ProjectFiles\Splitter_2008.vcproj", "{29B6D494-3153-4CA1-A569-52BECE39E3AC}"
EndProject
Project("{8BC9CEB8-8B4A-11D0-8D11-00A0C91BC942}") = "Simple", "..\..\Simple\ProjectFiles\Simple_2008.vcproj", "{3D293109-3DE8-41B8-B6AB-3648A13617D7}"
EndProject
Project("{8BC9CEB8-8B4A-11D0-8D11-00A0C91BC942}") = "Scribble", "..\..\Scribble\ProjectFiles\Scribble_2008.vcproj", "{EB4271B2-954B-424E-87E9-72A49555E4A5}"
EndProject
Project("{8BC9CEB8-8B4A-11D0-8D11-00A0C91BC942}") = "PropertySheet", "..\..\PropertySheet\ProjectFiles\PropertySheet_2008.vcproj", "{64A1267D-D668-44D7-A062-7FC45292C298}"
EndProject
Project("{8BC9CEB8-8B4A-11D0-8D11-00A0C91BC942}") = "Picture", "..\..\Picture\ProjectFiles\Picture_2008.vcproj", "{14819F97-05BD-4768-BC8A-0DC7175DAFEF}"
EndProject
Project("{8BC9CEB8-8B4A-11D0-8D11-00A0C91BC942}") = "Performance", "..\..\Performance\ProjectFiles\Performance_2008.vcproj", "{07D4AD10-99FB-4B73-ABA4-A2202859BCC6}"
EndProject
Project("{8BC9CEB8-8B4A-11D0-8D11-00A0C91BC942}") = "Notepad", "..\..\Notepad\ProjectFiles\Notepad_2008.vcproj", "{83948024-5DDD-4800-A629-A7873D14267C}"
EndProject
Project("{8BC9CEB8-8B4A-11D0-8D11-00A0C91BC942}") = "Client", "..\..\Networking\ClientDlg\Client_2008.vcproj", "{56E21B91-A3A7-4B55-B5CF-3674769F233E}"
EndProject
Project("{8BC9CEB8-8B4A-11D0-8D11-00A0C91BC942}") = "Server", "..\..\Networking\ServerDlg\Server_2008.vcproj", "{ABE1D46D-0E6F-400A-843C-ACC57CCBA7D3}"
EndProject
Project("{8BC9CEB8-8B4A-11D0-8D11-00A0C91BC942}") = "MDIDemo", "..\..\MDIFrameDemo\ProjectFiles\MDIDemo_2008.vcproj", "{4AA09752-7B2C-48CA-A490-AF8AE45B509C}"
EndProject
Project("{8BC9CEB8-8B4A-11D0-8D11-00A0C91BC942}") = "MDIFrame", "..\..\MDIFrame\ProjectFiles\MDIFrame_2008.vcproj", "{559A59AB-A07A-4F51-8040-26364FC302EE}"
EndProject
Project("{8BC9CEB8-8B4A-11D0-8D11-00A0C91BC942}") = "Frame", "..\..\Frame\ProjectFiles\Frame_2008.vcproj", "{2301D289-DB65-4D8D-A012-527AFA1A4674}"
EndProject
Project("{8BC9CEB8-8B4A-11D0-8D11-00A0C91BC942}") = "FormDemo", "..\..\FormDemo\ProjectFiles\FormDemo_2008.vcproj", "{1EF60D7B-44DC-4B5C-850A-27592CF15F88}"
EndProject
Project("{8BC9CEB8-8B4A-11D0-8D11-00A0C91BC942}") = "FastGDI", "..\..\FastGDI\ProjectFiles\FastGDI_2008.vcproj", "{C7A11685-3B81-467A-AE4B-7A3D209577F5}"
EndProject
Project("{8BC9CEB8-8B4A-11D0-8D11-00A0C91BC942}") = "Explorer", "..\..\Explorer\ProjectFiles\Explorer_2008.vcproj", "{50FB2A58-359B-4C30-BE66-EFF35F645C7C}"
EndProject
Project("{8BC9CEB8-8B4A-11D0-8D11-00A0C91BC942}") = "DockTabbedMDI", "..\..\DockTabbedMDI\ProjectFiles\DockTabbedMDI_2008.vcproj", "{67A3DFAB-2C80-4F47-AE94-35660C4DB014}"
EndProject
Project("{8BC9CEB8-8B4A-11D0-8D11-00A0C91BC942}") = "DockContainer", "..\..\DockContainer\ProjectFiles\DockContainer_2008.vcproj", "{23C99F36-B2C3-427F-8E91-2F8F7739DC3A}"
EndProject
Project("{8BC9CEB8-8B4A-11D0-8D11-00A0C91BC942}") = "Dock", "..\..\Dock\ProjectFiles\Dock_2008.vcproj", "{EDBF1BDC-4C8E-4619-A945-B866EFAAFDB8}"
EndProject
Project("{8BC9CEB8-8B4A-11D0-8D11-00A0C91BC942}") = "DirectX", "..\..\DirectX\ProjectFiles\DirectX_2008.vcproj", "{26EE2813-09DB-4601-86D0-55B84F2E6B9E}"
EndProject
Project("{8BC9CEB8-8B4A-11D0-8D11-00A0C91BC942}") = "DialogTab", "..\..\DialogTab\ProjectFiles\DialogTab_2008.vcproj", "{51363D97-50F9-4186-A96D-8111F959C176}"
EndProject
Project("{8BC9CEB8-8B4A-11D0-8D11-00A0C91BC942}") = "DialogDemo", "..\..\DialogDemo\ProjectFiles\DialogDemo_2008.vcproj", "{88B3950F-38BA-4787-B0E5-9C71844ADE3D}"
EndProject
Project("{8BC9CEB8-8B4A-11D0-8D11-00A0C91BC942}") = "Browser", "..\..\Browser\ProjectFiles\Browser_2008.vcproj", "{350180BC-D4EE-4C4B-ACE3-554DB3AA07EC}"
EndProject
Global
	GlobalSection(SolutionConfigurationPlatforms) = preSolution
		Debug|Win32 = Debug|Win32
		Release|Win32 = Release|Win32
	EndGlobalSection
	GlobalSection(ProjectConfigurationPlatforms) = postSolution
		{065CE64C-E36E-4097-9CF6-F97CAF864DDA}.Debug|Win32.ActiveCfg = Debug|Win32
		{065CE64C-E36E-4097-9CF6-F97CAF864DDA}.Debug|Win32.Build.0 = Debug|Win32
		{065CE64C-E36E-4097-9CF6-F97CAF864DDA}.Release|Win32.ActiveCfg = Release|Win32
		{065CE64C-E36E-4097-9CF6-F97CAF864DDA}.Release|Win32.Build.0 = Release|Win32
		{3BDF586E-DB76-4571-815B-53C7141B5C56}.Debug|Win32.ActiveCfg = Debug|Win32
		{3BDF586E-DB76-4571-815B-53C7141B5C56}.Debug|Win32.Build.0 = Debug|Win32
		{3BDF586E-DB76-4571-815B-53C7141B5C56}.Release|Win32.ActiveCfg = Release|Win32
		{3BDF586E-DB76-4571-815B-53C7141B5C56}.Release|Win32.Build.0 = Release|Win32
		{338B0BE6-5BA0-4788-99A0-46B0DDC3BEC4}.Debug|Win32.ActiveCfg = Debug|Win32
		{338B0BE6-5BA0-4788-99A0-46B0DDC3BEC4}.Debug|Win32.Build.0 = Debug|Win32
		{338B0BE6-5BA0-4788-99A0-46B0DDC3BEC4}.Release|Win32.ActiveCfg = Release|Win32
		{338B0BE6-5BA0-4788-99A0-46B0DDC3BEC4}.Release|Win32.Build.0 = Release|Win32
		{76779E14-006F-4CC9-B1CF-94279D82C5B6}.Debug|Win32.ActiveCfg = Debug|Win32
		{76779E14-006F-4CC9-B1CF-94279D82C5B6}.Debug|Win32.Build.0 = Debug|Win32
		{76779E14-006F-4CC9-B1CF-94279D82C5B6}.Release|Win32.ActiveCfg = Release|Win32
		{76779E14-006F-4CC9-B1CF-94279D82C5B6}.Release|Win32.Build.0 = Release|Win32
		{AF5C71AF-2EFE-42F8-BDC1-D49C211EBF1B}.Debug|Win32.ActiveCfg = Debug|Win32
		{AF5C71AF-2EFE-42F8-BDC1-D49C211EBF1B}.Debug|Win32.Build.0 = Debug|Win32
		{AF5C71AF-2EFE-42F8-BDC1-D49C211EBF1B}.Release|Win32.ActiveCfg = Release|Win32
		{AF5C71AF-2EFE-42F8-BDC1-D49C211EBF1B}.Release|Win32.Build.0 = Release|Win32
		{29B6D494-3153-4CA1-A569-52BECE39E3AC}.Debug|Win32.ActiveCfg = Debug|Win32
		{29B6D494-3153-4CA1-A569-52BECE39E3AC}.Debug|Win32.Build.0 = Debug|Win32
		{29B6D494-3153-4CA1-A569-52BECE39E3AC}.Release|Win32.ActiveCfg = Release|Win32
		{29B6D494-3153-4CA1-A569-52BECE39E3AC}.Release|Win32.Build.0 = Release|Win32
		{3D293109-3DE8-41B8-B6AB-3648A13617D7}.Debug|Win32.ActiveCfg = Debug|Win32
		{3D293109-3DE8-41B8-B6AB-3648A13617D7}.Debug|Win32.Build.0 = Debug|Win32
		{3D293109-3DE8-41B8-B6AB-3648A13617D7}.Release|Win32.ActiveCfg = Release|Win32
		{3D293109-3DE8-41B8-B6AB-3648A13617D7}.Release|Win32.Build.0 = Release|Win32
		{EB4271B2-954B-424E-87E9-72A49555E4A5}.Debug|Win32.ActiveCfg = Debug|Win32
		{EB4271B2-954B-424E-87E9-72A49555E4A5}.Debug|Win32.Build.0 = Debug|Win32
		{EB4271B2-954B-424E-87E9-72A49555E4A5}.Release|Win32.ActiveCfg = Release|Win32
		{EB4271B2-954B-424E-87E9-72A49555E4A5}.Release|Win32.Build.0 = Release|Win32
		{64A1267D-D668-44D7-A062-7FC45292C298}.Debug|Win32.ActiveCfg = Debug|Win32
		{64A1267D-D668-44D7-A062-7FC45292C298}.Debug|Win32.Build.0 = Debug|Win32
		{64A1267D-D668-44D7-A062-7FC45292C298}.Release|Win32.ActiveCfg = Release|Win32
		{64A1267D-D668-44D7-A062-7FC45292C298}.Release|Win32.Build.0 = Release|Win32
		{14819F97-05BD-4768-BC8A-0DC7175DAFEF}.Debug|Win32.ActiveCfg = Debug|Win32
		{14819F97-05BD-4768-BC8A-0DC7175DAFEF}.Debug|Win32.Build.0 = Debug|Win32
		{14819F97-05BD-4768-BC8A-0DC7175DAFEF}.Release|Win32.ActiveCfg = Release|Win32
		{14819F97-05BD-4768-BC8A-0DC7175DAFEF}.Release|Win32.Build.0 = Release|Win32
		{07D4AD10-99FB-4B73-ABA4-A2202859BCC6}.Debug|Win32.ActiveCfg = Debug|Win32
		{07D4AD10-99FB-4B73-ABA4-A2202859BCC6}.Debug|Win32.Build.0 = Debug|Win32
		{07D4AD10-99FB-4B73-ABA4-A2202859BCC6}.Release|Win32.ActiveCfg = Release|Win32
		{07D4AD10-99FB-4B73-ABA4-A2202859BCC6}.Release|Win32.Build.0 = Release|Win32
		{83948024-5DDD-4800-A629-A7873D14267C}.Debug|Win32.ActiveCfg = Debug|Win32
		{83948024-5DDD-4800-A629-A7873D14267C}.Debug|Win32.Build.0 = Debug|Win32
		{83948024-5DDD-4800-A629-A7873D14267C}.Release|Win32.ActiveCfg = Release|Win32
		{83948024-5DDD-4800-A629-A7873D14267C}.Release|Win32.Build.0 = Release|Win32
		{56E21B91-A3A7-4B55-B5CF-3674769F233E}.Debug|Win32.ActiveCfg = Debug|Win32
		{56E21B91-A3A7-4B55-B5CF-3674769F233E}.Debug|Win32.Build.0 = Debug|Win32
		{56E21B91-A3A7-4B55-B5CF-3674769F233E}.Release|Win32.ActiveCfg = Release|Win32
		{56E21B91-A3A7-4B55-B5CF-3674769F233E}.Release|Win32.Build.0 = Release|Win32
		{ABE1D46D-0E6F-400A-843C-ACC57CCBA7D3}.Debug|Win32.ActiveCfg = Debug|Win32
		{ABE1D46D-0E6F-400A-843C-ACC57CCBA7D3}.Debug|Win32.Build.0 = Debug|Win32
		{ABE1D46D-0E6F-400A-843C-ACC57CCBA7D3}.Release|Win32.ActiveCfg = Release|Win32
		{ABE1D46D-0E6F-400A-843C-ACC57CCBA7D3}.Release|Win32.Build.0 = Release|Win32
		{4AA09752-7B2C-48CA-A490-AF8AE45B509C}.Debug|Win32.ActiveCfg = Debug|Win32
		{4AA09752-7B2C-48CA-A490-AF8AE45B509C}.Debug|Win32.Build.0 = Debug|Win32
		{4AA09752-7B2C-48CA-A490-AF8AE45B509C}.Release|Win32.ActiveCfg = Release|Win32
		{4AA09752-7B2C-48CA-A490-AF8AE45B509C}.Release|Win32.Build.0 = Release|Win32
		{559A59AB-A07A-4F51-8040-26364FC302EE}.Debug|Win32.ActiveCfg = Debug|Win32
		{559A59AB-A07A-4F51-8040-26364FC302EE}.Debug|Win32.Build.0 = Debug|Win32
		{559A59AB-A07A-4F51-8040-26364FC302EE}.Release|Win32.ActiveCfg = Release|Win32
		{559A59AB-A07A-4F51-8040-26364FC302EE}.Release|Win32.Build.0 = Release|Win32
		{2301D289-DB65-4D8D-A012-527AFA1A4674}.Debug|Win32.ActiveCfg = Debug|Win32
		{2301D289-DB65-4D8D-A012-527AFA1A4674}.Debug|Win32.Build.0 = Debug|Win32
		{2301D289-DB65-4D8D-A012-527AFA1A4674}.Release|Win32.ActiveCfg = Release|Win32
		{2301D289-DB65-4D8D-A012-527AFA1A4674}.Release|Win32.Build.0 = Release|Win32
		{1EF60D7B-44DC-4B5C-850A-27592CF15F88}.Debug|Win32.ActiveCfg = Debug|Win32
		{1EF60D7B-44DC-4B5C-850A-27592CF15F88}.Debug|Win32.Build.0 = Debug|Win32
		{1EF60D7B-44DC-4B5C-850A-27592CF15F88}.Release|Win32.ActiveCfg = Release|Win32
		{1EF60D7B-44DC-4B5C-850A-27592CF15F88}.Release|Win32.Build.0 = Release|Win32
		{C7A11685-3B81-467A-AE4B-7A3D209577F5}.Debug|Win32.ActiveCfg = Debug|Win32
		{C7A11685-3B81-467A-AE4B-7A3D209577F5}.Debug|Win32.Build.0 = Debug|Win32
		{C7A11685-3B81-467A-AE4B-7A3D209577F5}.Release|Win32.ActiveCfg = Release|Win32
		{C7A11685-3B81-467A-AE4B-7A3D209577F5}.Release|Win32.Build.0 = Release|Win32
		{50FB2A58-359B-4C30-BE66-EFF35F645C7C}.Debug|Win32.ActiveCfg = Debug|Win32
		{50FB2A58-359B-4C30-BE66-EFF35F645C7C}.Debug|Win32.Build.0 = Debug|Win32
		{50FB2A58-359B-4C30-BE66-EFF35F645C7C}.Release|Win32.ActiveCfg = Release|Win32
		{50FB2A58-359B-4C30-BE66-EFF35F645C7C}.Release|Win32.Build.0 = Release|Win32
		{67A3DFAB-2C80-4F47-AE94-35660C4DB014}.Debug|Win32.ActiveCfg = Debug|Win32
		{67A3DFAB-2C80-4F47-AE94-35660C4DB014}.Debug|Win32.Build.0 = Debug|Win32
		{67A3DFAB-2C80-4F47-AE94-35660C4DB014}.Release|Win32.ActiveCfg = Release|Win32
		{67A3DFAB-2C80-4F47-AE94-35660C4DB014}.Release|Win32.Build.0 = Release|Win32
		{23C99F36-B2C3-427F-8E91-2F8F7739DC3A}.Debug|Win32.ActiveCfg = Debug|Win32
		{23C99F36-B2C3-427F-8E91-2F8F7739DC3A}.Debug|Win32.Build.0 = Debug|Win32
		{23C99F36-B2C3-427F-8E91-2F8F7739DC3A}.Release|Win32.ActiveCfg = Release|Win32
		{23C99F36-B2C3-427F-8E91-2F8F7739DC3A}.Release|Win32.Build.0 = Release|Win32
		{EDBF1BDC-4C8E-4619-A945-B866EFAAFDB8}.Debug|Win32.ActiveCfg = Debug|Win32
		{EDBF1BDC-4C8E-4619-A945-B866EFAAFDB8}.Debug|Win32.Build.0 = Debug|Win32
		{EDBF1BDC-4C8E-4619-A945-B866EFAAFDB8}.Release|Win32.ActiveCfg = Release|Win32
		{EDBF1BDC-4C8E-4619-A945-B866EFAAFDB8}.Release|Win32.Build.0 = Release|Win32
		{26EE2813-09DB-4601-86D0-55B84F2E6B9E}.Debug|Win32.ActiveCfg = Debug|Win32
		{26EE2813-09DB-4601-86D0-55B84F2E6B9E}.Debug|Win32.Build.0 = Debug|Win32
		{26EE2813-09DB-4601-86D0-55B84F2E6B9E}.Release|Win32.ActiveCfg = Release|Win32
		{26EE2813-09DB-4601-86D0-55B84F2E6B9E}.Release|Win32.Build.0 = Release|Win32
		{51363D97-50F9-4186-A96D-8111F959C176}.Debug|Win32.ActiveCfg = Debug|Win32
		{51363D97-50F9-4186-A96D-8111F959C176}.Debug|Win32.Build.0 = Debug|Win32
		{51363D97-50F9-4186-A96D-8111F959C176}.Release|Win32.ActiveCfg = Release|Win32
		{51363D97-50F9-4186-A96D-8111F959C176}.Release|Win32.Build.0 = Release|Win32
		{88B3950F-38BA-4787-B0E5-9C71844ADE3D}.Debug|Win32.ActiveCfg = Debug|Win32
		{88B3950F-38BA-4787-B0E5-9C71844ADE3D}.Debug|Win32.Build.0 = Debug|Win32
		{88B3950F-38BA-4787-B0E5-9C71844ADE3D}.Release|Win32.ActiveCfg = Release|Win32
		{88B3950F-38BA-4787-B0E5-9C71844ADE3D}.Release|Win32.Build.0 = Release|Win32
		{350180BC-D4EE-4C4B-ACE3-554DB3AA07EC}.Debug|Win32.ActiveCfg = Debug|Win32
		{350180BC-D4EE-4C4B-ACE3-554DB3AA07EC}.Debug|Win32.Build.0 = Debug|Win32
		{350180BC-D4EE-4C4B-ACE3-554DB3AA07EC}.Release|Win32.ActiveCfg = Release|Win32
		{350180BC-D4EE-4C4B-ACE3-554DB3AA07EC}.Release|Win32.Build.0 = Release|Win32
	EndGlobalSection
	GlobalSection(SolutionProperties) = preSolution
		HideSolutionNode = FALSE
	EndGlobalSection
EndGlobal
