
Microsoft Visual Studio Solution File, Format Version 10.00
# Visual C++ Express 2008
Project("{8BC9CEB8-8B4A-11D0-8D11-00A0C91BC942}") = "PrintDialogEx", "PrintDialogEx_2008.vcproj", "{83948024-5DDD-4800-A629-A7873D14267C}"
EndProject
Global
	GlobalSection(SolutionConfigurationPlatforms) = preSolution
		Debug|Win32 = Debug|Win32
		Release|Win32 = Release|Win32
	EndGlobalSection
	GlobalSection(ProjectConfigurationPlatforms) = postSolution
		{83948024-5DDD-4800-A629-A7873D14267C}.Debug|Win32.ActiveCfg = Debug|Win32
		{83948024-5DDD-4800-A629-A7873D14267C}.Debug|Win32.Build.0 = Debug|Win32
		{83948024-5DDD-4800-A629-A7873D14267C}.Release|Win32.ActiveCfg = Release|Win32
		{83948024-5DDD-4800-A629-A7873D14267C}.Release|Win32.Build.0 = Release|Win32
	EndGlobalSection
	GlobalSection(SolutionProperties) = preSolution
		HideSolutionNode = FALSE
	EndGlobalSection
EndGlobal
