<?xml version="1.0" encoding="utf-8"?>
<Project ToolsVersion="4.0" xmlns="http://schemas.microsoft.com/developer/msbuild/2003">
  <ItemGroup>
    <ClCompile Include="..\src\MakeDLL.cpp">
      <Filter>Source Files</Filter>
    </ClCompile>
    <ClCompile Include="..\src\MyDialog.cpp">
      <Filter>Source Files</Filter>
    </ClCompile>
    <ClCompile Include="..\src\StdAfx.cpp">
      <Filter>Source Files</Filter>
    </ClCompile>
  </ItemGroup>
  <ItemGroup>
    <ClInclude Include="..\src\MakeDLL.h">
      <Filter>Header Files</Filter>
    </ClInclude>
    <ClInclude Include="..\src\MyDialog.h">
      <Filter>Header Files</Filter>
    </ClInclude>
    <ClInclude Include="..\src\resource.h">
      <Filter>Header Files</Filter>
    </ClInclude>
    <ClInclude Include="..\src\StdAfx.h">
      <Filter>Header Files</Filter>
    </ClInclude>
    <ClInclude Include="..\..\..\include\controls.h">
      <Filter>Win32++</Filter>
    </ClInclude>
    <ClInclude Include="..\..\..\include\cstring.h">
      <Filter>Win32++</Filter>
    </ClInclude>
    <ClInclude Include="..\..\..\include\default_resource.h">
      <Filter>Win32++</Filter>
    </ClInclude>
    <ClInclude Include="..\..\..\include\dialog.h">
      <Filter>Win32++</Filter>
    </ClInclude>
    <ClInclude Include="..\..\..\include\docking.h">
      <Filter>Win32++</Filter>
    </ClInclude>
    <ClInclude Include="..\..\..\include\file.h">
      <Filter>Win32++</Filter>
    </ClInclude>
    <ClInclude Include="..\..\..\include\frame.h">
      <Filter>Win32++</Filter>
    </ClInclude>
    <ClInclude Include="..\..\..\include\gdi.h">
      <Filter>Win32++</Filter>
    </ClInclude>
    <ClInclude Include="..\..\..\include\listview.h">
      <Filter>Win32++</Filter>
    </ClInclude>
    <ClInclude Include="..\..\..\include\mdi.h">
      <Filter>Win32++</Filter>
    </ClInclude>
    <ClInclude Include="..\..\..\include\menu.h">
      <Filter>Win32++</Filter>
    </ClInclude>
    <ClInclude Include="..\..\..\include\propertysheet.h">
      <Filter>Win32++</Filter>
    </ClInclude>
    <ClInclude Include="..\..\..\include\rebar.h">
      <Filter>Win32++</Filter>
    </ClInclude>
    <ClInclude Include="..\..\..\include\ribbon.h">
      <Filter>Win32++</Filter>
    </ClInclude>
    <ClInclude Include="..\..\..\include\shared_ptr.h">
      <Filter>Win32++</Filter>
    </ClInclude>
    <ClInclude Include="..\..\..\include\socket.h">
      <Filter>Win32++</Filter>
    </ClInclude>
    <ClInclude Include="..\..\..\include\statusbar.h">
      <Filter>Win32++</Filter>
    </ClInclude>
    <ClInclude Include="..\..\..\include\stdcontrols.h">
      <Filter>Win32++</Filter>
    </ClInclude>
    <ClInclude Include="..\..\..\include\tab.h">
      <Filter>Win32++</Filter>
    </ClInclude>
    <ClInclude Include="..\..\..\include\taskdialog.h">
      <Filter>Win32++</Filter>
    </ClInclude>
    <ClInclude Include="..\..\..\include\thread.h">
      <Filter>Win32++</Filter>
    </ClInclude>
    <ClInclude Include="..\..\..\include\toolbar.h">
      <Filter>Win32++</Filter>
    </ClInclude>
    <ClInclude Include="..\..\..\include\treeview.h">
      <Filter>Win32++</Filter>
    </ClInclude>
    <ClInclude Include="..\..\..\include\webbrowser.h">
      <Filter>Win32++</Filter>
    </ClInclude>
    <ClInclude Include="..\..\..\include\wincore.h">
      <Filter>Win32++</Filter>
    </ClInclude>
    <ClInclude Include="..\..\..\include\winutils.h">
      <Filter>Win32++</Filter>
    </ClInclude>
  </ItemGroup>
  <ItemGroup>
    <CustomBuild Include="Export.def" />
  </ItemGroup>
  <ItemGroup>
    <Filter Include="Source Files">
      <UniqueIdentifier>{479952b2-4414-4ed1-9d12-9a52ccef45cf}</UniqueIdentifier>
    </Filter>
    <Filter Include="Header Files">
      <UniqueIdentifier>{910f8f6c-f90e-4da2-9369-255f2948736f}</UniqueIdentifier>
    </Filter>
    <Filter Include="Resource Files">
      <UniqueIdentifier>{a35f6991-3951-4236-8e75-0e7e7eb137f0}</UniqueIdentifier>
    </Filter>
    <Filter Include="Win32++">
      <UniqueIdentifier>{65194c85-a516-4c06-a846-360a2db15277}</UniqueIdentifier>
    </Filter>
  </ItemGroup>
  <ItemGroup>
    <ResourceCompile Include="..\src\Resource.rc">
      <Filter>Resource Files</Filter>
    </ResourceCompile>
  </ItemGroup>
</Project>